
Microsoft Visual Studio Solution File, Format Version 12.00
# Visual Studio Version 17
VisualStudioVersion = 17.0.31717.71
MinimumVisualStudioVersion = 10.0.40219.1
Project("{FAE04EC0-301F-11D3-BF4B-00C04F79EFBC}") = "Composite_pattern1", "Composite_pattern1\Composite_pattern1.csproj", "{EEF74A38-6A66-473A-B662-465AE3E68AC2}"
EndProject
Global
	GlobalSection(SolutionConfigurationPlatforms) = preSolution
		Debug|Any CPU = Debug|Any CPU
		Release|Any CPU = Release|Any CPU
	EndGlobalSection
	GlobalSection(ProjectConfigurationPlatforms) = postSolution
		{EEF74A38-6A66-473A-B662-465AE3E68AC2}.Debug|Any CPU.ActiveCfg = Debug|Any CPU
		{EEF74A38-6A66-473A-B662-465AE3E68AC2}.Debug|Any CPU.Build.0 = Debug|Any CPU
		{EEF74A38-6A66-473A-B662-465AE3E68AC2}.Release|Any CPU.ActiveCfg = Release|Any CPU
		{EEF74A38-6A66-473A-B662-465AE3E68AC2}.Release|Any CPU.Build.0 = Release|Any CPU
	EndGlobalSection
	GlobalSection(SolutionProperties) = preSolution
		HideSolutionNode = FALSE
	EndGlobalSection
	GlobalSection(ExtensibilityGlobals) = postSolution
		SolutionGuid = {88D62893-A31D-4468-B649-29FBD8D92E27}
	EndGlobalSection
EndGlobal
